
Microsoft Visual Studio Solution File, Format Version 12.00
# Visual Studio Version 17
VisualStudioVersion = 17.7.34024.191
MinimumVisualStudioVersion = 10.0.40219.1
Project("{8BC9CEB8-8B4A-11D0-8D11-00A0C91BC942}") = "FirstConsoleApplication", "FirstConsoleApplication\FirstConsoleApplication.vcxproj", "{2DFDB55A-6EED-4D1C-8B39-80093BA21FB3}"
EndProject
Project("{8BC9CEB8-8B4A-11D0-8D11-00A0C91BC942}") = "VariableConsoleApplication", "VariableConsoleApplication\VariableConsoleApplication.vcxproj", "{704BBC13-0BFE-4919-B8E6-6F6F0E55907C}"
EndProject
Project("{8BC9CEB8-8B4A-11D0-8D11-00A0C91BC942}") = "ConsoleApplicationssSprB", "ConsoleApplicationssSprB\ConsoleApplicationssSprB.vcxproj", "{E2738F7D-BB79-4256-A5C8-3EFC8C9C2D0F}"
EndProject
Project("{2150E333-8FDC-42A3-9474-1A3956D46DE8}") = "01. Podstawy", "01. Podstawy", "{6FC0C7E2-0A92-497D-8FB1-8D901634ABE8}"
EndProject
Project("{2150E333-8FDC-42A3-9474-1A3956D46DE8}") = "00. Spr", "00. Spr", "{AA7ADC4A-B55F-487C-814A-AF1D53D06E73}"
EndProject
Project("{2150E333-8FDC-42A3-9474-1A3956D46DE8}") = "02. Instrukcje decyzyjne", "02. Instrukcje decyzyjne", "{87974935-148C-4FC1-9D36-AA4D6F7B12CA}"
EndProject
Project("{8BC9CEB8-8B4A-11D0-8D11-00A0C91BC942}") = "InstructionIfConsoleApplication", "InstructionIfConsoleApplication\InstructionIfConsoleApplication.vcxproj", "{D81F6CEF-CF04-4744-829B-1E6DA3CB5EFF}"
EndProject
Project("{8BC9CEB8-8B4A-11D0-8D11-00A0C91BC942}") = "LoopDoWhileConsoleApplication", "LoopDoWhileConsoleApplication\LoopDoWhileConsoleApplication.vcxproj", "{F518E44F-7A9C-4356-8708-257D21D0D522}"
EndProject
Project("{8BC9CEB8-8B4A-11D0-8D11-00A0C91BC942}") = "LoopWhileConsoleApplication", "LoopWhileConsoleApplication\LoopWhileConsoleApplication.vcxproj", "{B5A12839-1A27-4A88-9C08-30F83C01144B}"
EndProject
Project("{8BC9CEB8-8B4A-11D0-8D11-00A0C91BC942}") = "LoopForConsoleApplication", "LoopForConsoleApplication\LoopForConsoleApplication.vcxproj", "{7F7914F4-57E3-4649-BC58-2B10012DE0C5}"
EndProject
Project("{2150E333-8FDC-42A3-9474-1A3956D46DE8}") = "03. Kolekcje", "03. Kolekcje", "{9E98C45E-5D62-4BB5-A700-7F3862B9D794}"
EndProject
Project("{8BC9CEB8-8B4A-11D0-8D11-00A0C91BC942}") = "CharactersConsoleApplication", "CharactersConsoleApplication\CharactersConsoleApplication.vcxproj", "{CD2172F8-05D5-4E32-84B7-94C7EC62D604}"
EndProject
Project("{8BC9CEB8-8B4A-11D0-8D11-00A0C91BC942}") = "ArrayConsoleApplication", "ArrayConsoleApplication\ArrayConsoleApplication.vcxproj", "{11D6AC7E-743A-4968-B50A-05D58DC1FE3A}"
EndProject
Project("{2150E333-8FDC-42A3-9474-1A3956D46DE8}") = "04. Funkcje", "04. Funkcje", "{5BE3609D-D537-42EE-94FB-2FF63E2E2B86}"
EndProject
Project("{8BC9CEB8-8B4A-11D0-8D11-00A0C91BC942}") = "FunctionConsoleApplication", "FunctionConsoleApplication\FunctionConsoleApplication.vcxproj", "{2305035D-EA76-489C-B812-9807DEDE94ED}"
EndProject
Project("{2150E333-8FDC-42A3-9474-1A3956D46DE8}") = "05. Tic Tac Toe", "05. Tic Tac Toe", "{75DD93E1-BED7-45B7-A9D0-79B7B9E455A3}"
EndProject
Project("{8BC9CEB8-8B4A-11D0-8D11-00A0C91BC942}") = "TictacToeConsoleApplication", "TictacToeConsoleApplication\TictacToeConsoleApplication.vcxproj", "{26A2986F-0600-46BD-871A-F911F147DD4D}"
EndProject
Project("{2150E333-8FDC-42A3-9474-1A3956D46DE8}") = "06. Struktury", "06. Struktury", "{287AED99-784E-46C7-B1AA-D7EB0CFEA5CD}"
EndProject
Project("{8BC9CEB8-8B4A-11D0-8D11-00A0C91BC942}") = "FirstStructConsoleApplication", "FirstStructConsoleApplication\FirstStructConsoleApplication.vcxproj", "{C6D49E53-9966-41E2-8359-EC3185EC9E9F}"
EndProject
Global
	GlobalSection(SolutionConfigurationPlatforms) = preSolution
		Debug|x64 = Debug|x64
		Debug|x86 = Debug|x86
		Release|x64 = Release|x64
		Release|x86 = Release|x86
	EndGlobalSection
	GlobalSection(ProjectConfigurationPlatforms) = postSolution
		{2DFDB55A-6EED-4D1C-8B39-80093BA21FB3}.Debug|x64.ActiveCfg = Debug|x64
		{2DFDB55A-6EED-4D1C-8B39-80093BA21FB3}.Debug|x64.Build.0 = Debug|x64
		{2DFDB55A-6EED-4D1C-8B39-80093BA21FB3}.Debug|x86.ActiveCfg = Debug|Win32
		{2DFDB55A-6EED-4D1C-8B39-80093BA21FB3}.Debug|x86.Build.0 = Debug|Win32
		{2DFDB55A-6EED-4D1C-8B39-80093BA21FB3}.Release|x64.ActiveCfg = Release|x64
		{2DFDB55A-6EED-4D1C-8B39-80093BA21FB3}.Release|x64.Build.0 = Release|x64
		{2DFDB55A-6EED-4D1C-8B39-80093BA21FB3}.Release|x86.ActiveCfg = Release|Win32
		{2DFDB55A-6EED-4D1C-8B39-80093BA21FB3}.Release|x86.Build.0 = Release|Win32
		{704BBC13-0BFE-4919-B8E6-6F6F0E55907C}.Debug|x64.ActiveCfg = Debug|x64
		{704BBC13-0BFE-4919-B8E6-6F6F0E55907C}.Debug|x64.Build.0 = Debug|x64
		{704BBC13-0BFE-4919-B8E6-6F6F0E55907C}.Debug|x86.ActiveCfg = Debug|Win32
		{704BBC13-0BFE-4919-B8E6-6F6F0E55907C}.Debug|x86.Build.0 = Debug|Win32
		{704BBC13-0BFE-4919-B8E6-6F6F0E55907C}.Release|x64.ActiveCfg = Release|x64
		{704BBC13-0BFE-4919-B8E6-6F6F0E55907C}.Release|x64.Build.0 = Release|x64
		{704BBC13-0BFE-4919-B8E6-6F6F0E55907C}.Release|x86.ActiveCfg = Release|Win32
		{704BBC13-0BFE-4919-B8E6-6F6F0E55907C}.Release|x86.Build.0 = Release|Win32
		{E2738F7D-BB79-4256-A5C8-3EFC8C9C2D0F}.Debug|x64.ActiveCfg = Debug|x64
		{E2738F7D-BB79-4256-A5C8-3EFC8C9C2D0F}.Debug|x64.Build.0 = Debug|x64
		{E2738F7D-BB79-4256-A5C8-3EFC8C9C2D0F}.Debug|x86.ActiveCfg = Debug|Win32
		{E2738F7D-BB79-4256-A5C8-3EFC8C9C2D0F}.Debug|x86.Build.0 = Debug|Win32
		{E2738F7D-BB79-4256-A5C8-3EFC8C9C2D0F}.Release|x64.ActiveCfg = Release|x64
		{E2738F7D-BB79-4256-A5C8-3EFC8C9C2D0F}.Release|x64.Build.0 = Release|x64
		{E2738F7D-BB79-4256-A5C8-3EFC8C9C2D0F}.Release|x86.ActiveCfg = Release|Win32
		{E2738F7D-BB79-4256-A5C8-3EFC8C9C2D0F}.Release|x86.Build.0 = Release|Win32
		{D81F6CEF-CF04-4744-829B-1E6DA3CB5EFF}.Debug|x64.ActiveCfg = Debug|x64
		{D81F6CEF-CF04-4744-829B-1E6DA3CB5EFF}.Debug|x64.Build.0 = Debug|x64
		{D81F6CEF-CF04-4744-829B-1E6DA3CB5EFF}.Debug|x86.ActiveCfg = Debug|Win32
		{D81F6CEF-CF04-4744-829B-1E6DA3CB5EFF}.Debug|x86.Build.0 = Debug|Win32
		{D81F6CEF-CF04-4744-829B-1E6DA3CB5EFF}.Release|x64.ActiveCfg = Release|x64
		{D81F6CEF-CF04-4744-829B-1E6DA3CB5EFF}.Release|x64.Build.0 = Release|x64
		{D81F6CEF-CF04-4744-829B-1E6DA3CB5EFF}.Release|x86.ActiveCfg = Release|Win32
		{D81F6CEF-CF04-4744-829B-1E6DA3CB5EFF}.Release|x86.Build.0 = Release|Win32
		{F518E44F-7A9C-4356-8708-257D21D0D522}.Debug|x64.ActiveCfg = Debug|x64
		{F518E44F-7A9C-4356-8708-257D21D0D522}.Debug|x64.Build.0 = Debug|x64
		{F518E44F-7A9C-4356-8708-257D21D0D522}.Debug|x86.ActiveCfg = Debug|Win32
		{F518E44F-7A9C-4356-8708-257D21D0D522}.Debug|x86.Build.0 = Debug|Win32
		{F518E44F-7A9C-4356-8708-257D21D0D522}.Release|x64.ActiveCfg = Release|x64
		{F518E44F-7A9C-4356-8708-257D21D0D522}.Release|x64.Build.0 = Release|x64
		{F518E44F-7A9C-4356-8708-257D21D0D522}.Release|x86.ActiveCfg = Release|Win32
		{F518E44F-7A9C-4356-8708-257D21D0D522}.Release|x86.Build.0 = Release|Win32
		{B5A12839-1A27-4A88-9C08-30F83C01144B}.Debug|x64.ActiveCfg = Debug|x64
		{B5A12839-1A27-4A88-9C08-30F83C01144B}.Debug|x64.Build.0 = Debug|x64
		{B5A12839-1A27-4A88-9C08-30F83C01144B}.Debug|x86.ActiveCfg = Debug|Win32
		{B5A12839-1A27-4A88-9C08-30F83C01144B}.Debug|x86.Build.0 = Debug|Win32
		{B5A12839-1A27-4A88-9C08-30F83C01144B}.Release|x64.ActiveCfg = Release|x64
		{B5A12839-1A27-4A88-9C08-30F83C01144B}.Release|x64.Build.0 = Release|x64
		{B5A12839-1A27-4A88-9C08-30F83C01144B}.Release|x86.ActiveCfg = Release|Win32
		{B5A12839-1A27-4A88-9C08-30F83C01144B}.Release|x86.Build.0 = Release|Win32
		{7F7914F4-57E3-4649-BC58-2B10012DE0C5}.Debug|x64.ActiveCfg = Debug|x64
		{7F7914F4-57E3-4649-BC58-2B10012DE0C5}.Debug|x64.Build.0 = Debug|x64
		{7F7914F4-57E3-4649-BC58-2B10012DE0C5}.Debug|x86.ActiveCfg = Debug|Win32
		{7F7914F4-57E3-4649-BC58-2B10012DE0C5}.Debug|x86.Build.0 = Debug|Win32
		{7F7914F4-57E3-4649-BC58-2B10012DE0C5}.Release|x64.ActiveCfg = Release|x64
		{7F7914F4-57E3-4649-BC58-2B10012DE0C5}.Release|x64.Build.0 = Release|x64
		{7F7914F4-57E3-4649-BC58-2B10012DE0C5}.Release|x86.ActiveCfg = Release|Win32
		{7F7914F4-57E3-4649-BC58-2B10012DE0C5}.Release|x86.Build.0 = Release|Win32
		{CD2172F8-05D5-4E32-84B7-94C7EC62D604}.Debug|x64.ActiveCfg = Debug|x64
		{CD2172F8-05D5-4E32-84B7-94C7EC62D604}.Debug|x64.Build.0 = Debug|x64
		{CD2172F8-05D5-4E32-84B7-94C7EC62D604}.Debug|x86.ActiveCfg = Debug|Win32
		{CD2172F8-05D5-4E32-84B7-94C7EC62D604}.Debug|x86.Build.0 = Debug|Win32
		{CD2172F8-05D5-4E32-84B7-94C7EC62D604}.Release|x64.ActiveCfg = Release|x64
		{CD2172F8-05D5-4E32-84B7-94C7EC62D604}.Release|x64.Build.0 = Release|x64
		{CD2172F8-05D5-4E32-84B7-94C7EC62D604}.Release|x86.ActiveCfg = Release|Win32
		{CD2172F8-05D5-4E32-84B7-94C7EC62D604}.Release|x86.Build.0 = Release|Win32
		{11D6AC7E-743A-4968-B50A-05D58DC1FE3A}.Debug|x64.ActiveCfg = Debug|x64
		{11D6AC7E-743A-4968-B50A-05D58DC1FE3A}.Debug|x64.Build.0 = Debug|x64
		{11D6AC7E-743A-4968-B50A-05D58DC1FE3A}.Debug|x86.ActiveCfg = Debug|Win32
		{11D6AC7E-743A-4968-B50A-05D58DC1FE3A}.Debug|x86.Build.0 = Debug|Win32
		{11D6AC7E-743A-4968-B50A-05D58DC1FE3A}.Release|x64.ActiveCfg = Release|x64
		{11D6AC7E-743A-4968-B50A-05D58DC1FE3A}.Release|x64.Build.0 = Release|x64
		{11D6AC7E-743A-4968-B50A-05D58DC1FE3A}.Release|x86.ActiveCfg = Release|Win32
		{11D6AC7E-743A-4968-B50A-05D58DC1FE3A}.Release|x86.Build.0 = Release|Win32
		{2305035D-EA76-489C-B812-9807DEDE94ED}.Debug|x64.ActiveCfg = Debug|x64
		{2305035D-EA76-489C-B812-9807DEDE94ED}.Debug|x64.Build.0 = Debug|x64
		{2305035D-EA76-489C-B812-9807DEDE94ED}.Debug|x86.ActiveCfg = Debug|Win32
		{2305035D-EA76-489C-B812-9807DEDE94ED}.Debug|x86.Build.0 = Debug|Win32
		{2305035D-EA76-489C-B812-9807DEDE94ED}.Release|x64.ActiveCfg = Release|x64
		{2305035D-EA76-489C-B812-9807DEDE94ED}.Release|x64.Build.0 = Release|x64
		{2305035D-EA76-489C-B812-9807DEDE94ED}.Release|x86.ActiveCfg = Release|Win32
		{2305035D-EA76-489C-B812-9807DEDE94ED}.Release|x86.Build.0 = Release|Win32
		{26A2986F-0600-46BD-871A-F911F147DD4D}.Debug|x64.ActiveCfg = Debug|x64
		{26A2986F-0600-46BD-871A-F911F147DD4D}.Debug|x64.Build.0 = Debug|x64
		{26A2986F-0600-46BD-871A-F911F147DD4D}.Debug|x86.ActiveCfg = Debug|Win32
		{26A2986F-0600-46BD-871A-F911F147DD4D}.Debug|x86.Build.0 = Debug|Win32
		{26A2986F-0600-46BD-871A-F911F147DD4D}.Release|x64.ActiveCfg = Release|x64
		{26A2986F-0600-46BD-871A-F911F147DD4D}.Release|x64.Build.0 = Release|x64
		{26A2986F-0600-46BD-871A-F911F147DD4D}.Release|x86.ActiveCfg = Release|Win32
		{26A2986F-0600-46BD-871A-F911F147DD4D}.Release|x86.Build.0 = Release|Win32
		{C6D49E53-9966-41E2-8359-EC3185EC9E9F}.Debug|x64.ActiveCfg = Debug|x64
		{C6D49E53-9966-41E2-8359-EC3185EC9E9F}.Debug|x64.Build.0 = Debug|x64
		{C6D49E53-9966-41E2-8359-EC3185EC9E9F}.Debug|x86.ActiveCfg = Debug|Win32
		{C6D49E53-9966-41E2-8359-EC3185EC9E9F}.Debug|x86.Build.0 = Debug|Win32
		{C6D49E53-9966-41E2-8359-EC3185EC9E9F}.Release|x64.ActiveCfg = Release|x64
		{C6D49E53-9966-41E2-8359-EC3185EC9E9F}.Release|x64.Build.0 = Release|x64
		{C6D49E53-9966-41E2-8359-EC3185EC9E9F}.Release|x86.ActiveCfg = Release|Win32
		{C6D49E53-9966-41E2-8359-EC3185EC9E9F}.Release|x86.Build.0 = Release|Win32
	EndGlobalSection
	GlobalSection(SolutionProperties) = preSolution
		HideSolutionNode = FALSE
	EndGlobalSection
	GlobalSection(NestedProjects) = preSolution
		{2DFDB55A-6EED-4D1C-8B39-80093BA21FB3} = {6FC0C7E2-0A92-497D-8FB1-8D901634ABE8}
		{704BBC13-0BFE-4919-B8E6-6F6F0E55907C} = {6FC0C7E2-0A92-497D-8FB1-8D901634ABE8}
		{E2738F7D-BB79-4256-A5C8-3EFC8C9C2D0F} = {AA7ADC4A-B55F-487C-814A-AF1D53D06E73}
		{D81F6CEF-CF04-4744-829B-1E6DA3CB5EFF} = {87974935-148C-4FC1-9D36-AA4D6F7B12CA}
		{F518E44F-7A9C-4356-8708-257D21D0D522} = {87974935-148C-4FC1-9D36-AA4D6F7B12CA}
		{B5A12839-1A27-4A88-9C08-30F83C01144B} = {87974935-148C-4FC1-9D36-AA4D6F7B12CA}
		{7F7914F4-57E3-4649-BC58-2B10012DE0C5} = {87974935-148C-4FC1-9D36-AA4D6F7B12CA}
		{CD2172F8-05D5-4E32-84B7-94C7EC62D604} = {9E98C45E-5D62-4BB5-A700-7F3862B9D794}
		{11D6AC7E-743A-4968-B50A-05D58DC1FE3A} = {9E98C45E-5D62-4BB5-A700-7F3862B9D794}
		{2305035D-EA76-489C-B812-9807DEDE94ED} = {5BE3609D-D537-42EE-94FB-2FF63E2E2B86}
		{26A2986F-0600-46BD-871A-F911F147DD4D} = {75DD93E1-BED7-45B7-A9D0-79B7B9E455A3}
		{C6D49E53-9966-41E2-8359-EC3185EC9E9F} = {287AED99-784E-46C7-B1AA-D7EB0CFEA5CD}
	EndGlobalSection
	GlobalSection(ExtensibilityGlobals) = postSolution
		SolutionGuid = {DA18A03F-57C8-4391-9A00-F69DB3B43BB7}
	EndGlobalSection
EndGlobal
