
Microsoft Visual Studio Solution File, Format Version 12.00
# Visual Studio Version 17
VisualStudioVersion = 17.7.34024.191
MinimumVisualStudioVersion = 10.0.40219.1
Project("{8BC9CEB8-8B4A-11D0-8D11-00A0C91BC942}") = "FirstConsoleApplication", "FirstConsoleApplication\FirstConsoleApplication.vcxproj", "{2DFDB55A-6EED-4D1C-8B39-80093BA21FB3}"
EndProject
Project("{8BC9CEB8-8B4A-11D0-8D11-00A0C91BC942}") = "VariableConsoleApplication", "VariableConsoleApplication\VariableConsoleApplication.vcxproj", "{704BBC13-0BFE-4919-B8E6-6F6F0E55907C}"
EndProject
Project("{8BC9CEB8-8B4A-11D0-8D11-00A0C91BC942}") = "ConsoleApplicationssSprB", "ConsoleApplicationssSprB\ConsoleApplicationssSprB.vcxproj", "{E2738F7D-BB79-4256-A5C8-3EFC8C9C2D0F}"
EndProject
Global
	GlobalSection(SolutionConfigurationPlatforms) = preSolution
		Debug|x64 = Debug|x64
		Debug|x86 = Debug|x86
		Release|x64 = Release|x64
		Release|x86 = Release|x86
	EndGlobalSection
	GlobalSection(ProjectConfigurationPlatforms) = postSolution
		{2DFDB55A-6EED-4D1C-8B39-80093BA21FB3}.Debug|x64.ActiveCfg = Debug|x64
		{2DFDB55A-6EED-4D1C-8B39-80093BA21FB3}.Debug|x64.Build.0 = Debug|x64
		{2DFDB55A-6EED-4D1C-8B39-80093BA21FB3}.Debug|x86.ActiveCfg = Debug|Win32
		{2DFDB55A-6EED-4D1C-8B39-80093BA21FB3}.Debug|x86.Build.0 = Debug|Win32
		{2DFDB55A-6EED-4D1C-8B39-80093BA21FB3}.Release|x64.ActiveCfg = Release|x64
		{2DFDB55A-6EED-4D1C-8B39-80093BA21FB3}.Release|x64.Build.0 = Release|x64
		{2DFDB55A-6EED-4D1C-8B39-80093BA21FB3}.Release|x86.ActiveCfg = Release|Win32
		{2DFDB55A-6EED-4D1C-8B39-80093BA21FB3}.Release|x86.Build.0 = Release|Win32
		{704BBC13-0BFE-4919-B8E6-6F6F0E55907C}.Debug|x64.ActiveCfg = Debug|x64
		{704BBC13-0BFE-4919-B8E6-6F6F0E55907C}.Debug|x64.Build.0 = Debug|x64
		{704BBC13-0BFE-4919-B8E6-6F6F0E55907C}.Debug|x86.ActiveCfg = Debug|Win32
		{704BBC13-0BFE-4919-B8E6-6F6F0E55907C}.Debug|x86.Build.0 = Debug|Win32
		{704BBC13-0BFE-4919-B8E6-6F6F0E55907C}.Release|x64.ActiveCfg = Release|x64
		{704BBC13-0BFE-4919-B8E6-6F6F0E55907C}.Release|x64.Build.0 = Release|x64
		{704BBC13-0BFE-4919-B8E6-6F6F0E55907C}.Release|x86.ActiveCfg = Release|Win32
		{704BBC13-0BFE-4919-B8E6-6F6F0E55907C}.Release|x86.Build.0 = Release|Win32
		{E2738F7D-BB79-4256-A5C8-3EFC8C9C2D0F}.Debug|x64.ActiveCfg = Debug|x64
		{E2738F7D-BB79-4256-A5C8-3EFC8C9C2D0F}.Debug|x64.Build.0 = Debug|x64
		{E2738F7D-BB79-4256-A5C8-3EFC8C9C2D0F}.Debug|x86.ActiveCfg = Debug|Win32
		{E2738F7D-BB79-4256-A5C8-3EFC8C9C2D0F}.Debug|x86.Build.0 = Debug|Win32
		{E2738F7D-BB79-4256-A5C8-3EFC8C9C2D0F}.Release|x64.ActiveCfg = Release|x64
		{E2738F7D-BB79-4256-A5C8-3EFC8C9C2D0F}.Release|x64.Build.0 = Release|x64
		{E2738F7D-BB79-4256-A5C8-3EFC8C9C2D0F}.Release|x86.ActiveCfg = Release|Win32
		{E2738F7D-BB79-4256-A5C8-3EFC8C9C2D0F}.Release|x86.Build.0 = Release|Win32
	EndGlobalSection
	GlobalSection(SolutionProperties) = preSolution
		HideSolutionNode = FALSE
	EndGlobalSection
	GlobalSection(ExtensibilityGlobals) = postSolution
		SolutionGuid = {DA18A03F-57C8-4391-9A00-F69DB3B43BB7}
	EndGlobalSection
EndGlobal
